
Microsoft Visual Studio Solution File, Format Version 11.00
# Visual Studio 2010
Project("{FAE04EC0-301F-11D3-BF4B-00C04F79EFBC}") = "Card War Game", "Assembly-CSharp-firstpass.csproj", "{58AA4C4A-CB0F-B3B0-9D94-18F6DA4EBCF4}"
EndProject
Project("{FAE04EC0-301F-11D3-BF4B-00C04F79EFBC}") = "Card War Game", "Assembly-CSharp.csproj", "{3D3BD7B9-3E3F-E095-976C-5B7D0D27CABE}"
EndProject
Global
	GlobalSection(SolutionConfigurationPlatforms) = preSolution
		Debug|Any CPU = Debug|Any CPU
		Release|Any CPU = Release|Any CPU
	EndGlobalSection
	GlobalSection(ProjectConfigurationPlatforms) = postSolution
		{58AA4C4A-CB0F-B3B0-9D94-18F6DA4EBCF4}.Debug|Any CPU.ActiveCfg = Debug|Any CPU
		{58AA4C4A-CB0F-B3B0-9D94-18F6DA4EBCF4}.Debug|Any CPU.Build.0 = Debug|Any CPU
		{58AA4C4A-CB0F-B3B0-9D94-18F6DA4EBCF4}.Release|Any CPU.ActiveCfg = Release|Any CPU
		{58AA4C4A-CB0F-B3B0-9D94-18F6DA4EBCF4}.Release|Any CPU.Build.0 = Release|Any CPU
		{3D3BD7B9-3E3F-E095-976C-5B7D0D27CABE}.Debug|Any CPU.ActiveCfg = Debug|Any CPU
		{3D3BD7B9-3E3F-E095-976C-5B7D0D27CABE}.Debug|Any CPU.Build.0 = Debug|Any CPU
		{3D3BD7B9-3E3F-E095-976C-5B7D0D27CABE}.Release|Any CPU.ActiveCfg = Release|Any CPU
		{3D3BD7B9-3E3F-E095-976C-5B7D0D27CABE}.Release|Any CPU.Build.0 = Release|Any CPU
	EndGlobalSection
	GlobalSection(SolutionProperties) = preSolution
		HideSolutionNode = FALSE
	EndGlobalSection
	GlobalSection(MonoDevelopProperties) = preSolution
		StartupItem = Assembly-CSharp.csproj
	EndGlobalSection
EndGlobal
